
Microsoft Visual Studio Solution File, Format Version 12.00
# Visual Studio Version 17
VisualStudioVersion = 17.8.34525.116
MinimumVisualStudioVersion = 10.0.40219.1
Project("{FAE04EC0-301F-11D3-BF4B-00C04F79EFBC}") = "TestingWithTimeProvider", "TestingWithTimeProvider\TestingWithTimeProvider.csproj", "{0B4637F2-E4D1-4AE3-9366-271DD2CD7411}"
EndProject
Global
	GlobalSection(SolutionConfigurationPlatforms) = preSolution
		Debug|Any CPU = Debug|Any CPU
		Release|Any CPU = Release|Any CPU
	EndGlobalSection
	GlobalSection(ProjectConfigurationPlatforms) = postSolution
		{0B4637F2-E4D1-4AE3-9366-271DD2CD7411}.Debug|Any CPU.ActiveCfg = Debug|Any CPU
		{0B4637F2-E4D1-4AE3-9366-271DD2CD7411}.Debug|Any CPU.Build.0 = Debug|Any CPU
		{0B4637F2-E4D1-4AE3-9366-271DD2CD7411}.Release|Any CPU.ActiveCfg = Release|Any CPU
		{0B4637F2-E4D1-4AE3-9366-271DD2CD7411}.Release|Any CPU.Build.0 = Release|Any CPU
	EndGlobalSection
	GlobalSection(SolutionProperties) = preSolution
		HideSolutionNode = FALSE
	EndGlobalSection
	GlobalSection(ExtensibilityGlobals) = postSolution
		SolutionGuid = {0C3BDDE5-F4F7-4543-842A-65858D30C17A}
	EndGlobalSection
EndGlobal
