
Microsoft Visual Studio Solution File, Format Version 12.00
# Visual Studio Version 17
VisualStudioVersion = 17.8.34525.116
MinimumVisualStudioVersion = 10.0.40219.1
Project("{FAE04EC0-301F-11D3-BF4B-00C04F79EFBC}") = "AsyncConsole", "AsyncConsole\AsyncConsole.csproj", "{9478BB5D-0F6B-46DA-94D5-D69EF3708F95}"
EndProject
Global
	GlobalSection(SolutionConfigurationPlatforms) = preSolution
		Debug|Any CPU = Debug|Any CPU
		Release|Any CPU = Release|Any CPU
	EndGlobalSection
	GlobalSection(ProjectConfigurationPlatforms) = postSolution
		{9478BB5D-0F6B-46DA-94D5-D69EF3708F95}.Debug|Any CPU.ActiveCfg = Debug|Any CPU
		{9478BB5D-0F6B-46DA-94D5-D69EF3708F95}.Debug|Any CPU.Build.0 = Debug|Any CPU
		{9478BB5D-0F6B-46DA-94D5-D69EF3708F95}.Release|Any CPU.ActiveCfg = Release|Any CPU
		{9478BB5D-0F6B-46DA-94D5-D69EF3708F95}.Release|Any CPU.Build.0 = Release|Any CPU
	EndGlobalSection
	GlobalSection(SolutionProperties) = preSolution
		HideSolutionNode = FALSE
	EndGlobalSection
	GlobalSection(ExtensibilityGlobals) = postSolution
		SolutionGuid = {CFBF5874-3D6C-464C-BED3-FE42E2D7C66E}
	EndGlobalSection
EndGlobal
